
Microsoft Visual Studio Solution File, Format Version 12.00
# Visual Studio Version 16
VisualStudioVersion = 16.0.30011.22
MinimumVisualStudioVersion = 10.0.40219.1
Project("{FAE04EC0-301F-11D3-BF4B-00C04F79EFBC}") = "OpenBots.Updater", "OpenBots.Updater\OpenBots.Updater.csproj", "{3FC72D0C-D083-44C4-96E9-13FE599F8E0E}"
EndProject
Project("{FAE04EC0-301F-11D3-BF4B-00C04F79EFBC}") = "OpenBots.Server", "OpenBots.Server\OpenBots.Server.csproj", "{D0FF030D-BC12-4E57-A9AD-130FEED9BE4A}"
EndProject
Project("{FAE04EC0-301F-11D3-BF4B-00C04F79EFBC}") = "OpenBots.Commands", "OpenBots.Commands\OpenBots.Commands.csproj", "{F6116939-5382-4339-A78D-DB9AF6F48D34}"
EndProject
Project("{930C7802-8A8C-48F9-8165-68863BCCD9DD}") = "OpenBots.Installer", "OpenBots.Installer\OpenBots.Installer.wixproj", "{B38CDB6F-191D-4BB1-B74F-329D0C9ABD84}"
EndProject
Project("{FAE04EC0-301F-11D3-BF4B-00C04F79EFBC}") = "OpenBots.Engine", "OpenBots.Engine\OpenBots.Engine.csproj", "{ED8F6540-C341-4B5F-8966-26A08E39AF87}"
EndProject
Project("{FAE04EC0-301F-11D3-BF4B-00C04F79EFBC}") = "OpenBots.Studio", "OpenBots.Studio\OpenBots.Studio.csproj", "{C1BE3204-94D1-4A9A-AE30-C3E302383182}"
EndProject
Global
	GlobalSection(SolutionConfigurationPlatforms) = preSolution
		Debug|Any CPU = Debug|Any CPU
		Debug|x64 = Debug|x64
		Debug|x86 = Debug|x86
		Release|Any CPU = Release|Any CPU
		Release|x64 = Release|x64
		Release|x86 = Release|x86
	EndGlobalSection
	GlobalSection(ProjectConfigurationPlatforms) = postSolution
		{3FC72D0C-D083-44C4-96E9-13FE599F8E0E}.Debug|Any CPU.ActiveCfg = Release|Any CPU
		{3FC72D0C-D083-44C4-96E9-13FE599F8E0E}.Debug|x64.ActiveCfg = Debug|x64
		{3FC72D0C-D083-44C4-96E9-13FE599F8E0E}.Debug|x64.Build.0 = Debug|x64
		{3FC72D0C-D083-44C4-96E9-13FE599F8E0E}.Debug|x86.ActiveCfg = Debug|Any CPU
		{3FC72D0C-D083-44C4-96E9-13FE599F8E0E}.Debug|x86.Build.0 = Debug|Any CPU
		{3FC72D0C-D083-44C4-96E9-13FE599F8E0E}.Release|Any CPU.ActiveCfg = Release|Any CPU
		{3FC72D0C-D083-44C4-96E9-13FE599F8E0E}.Release|Any CPU.Build.0 = Release|Any CPU
		{3FC72D0C-D083-44C4-96E9-13FE599F8E0E}.Release|x64.ActiveCfg = Release|x64
		{3FC72D0C-D083-44C4-96E9-13FE599F8E0E}.Release|x64.Build.0 = Release|x64
		{3FC72D0C-D083-44C4-96E9-13FE599F8E0E}.Release|x86.ActiveCfg = Release|Any CPU
		{3FC72D0C-D083-44C4-96E9-13FE599F8E0E}.Release|x86.Build.0 = Release|Any CPU
		{D0FF030D-BC12-4E57-A9AD-130FEED9BE4A}.Debug|Any CPU.ActiveCfg = Debug|Any CPU
		{D0FF030D-BC12-4E57-A9AD-130FEED9BE4A}.Debug|Any CPU.Build.0 = Debug|Any CPU
		{D0FF030D-BC12-4E57-A9AD-130FEED9BE4A}.Debug|x64.ActiveCfg = Debug|Any CPU
		{D0FF030D-BC12-4E57-A9AD-130FEED9BE4A}.Debug|x64.Build.0 = Debug|Any CPU
		{D0FF030D-BC12-4E57-A9AD-130FEED9BE4A}.Debug|x86.ActiveCfg = Debug|Any CPU
		{D0FF030D-BC12-4E57-A9AD-130FEED9BE4A}.Debug|x86.Build.0 = Debug|Any CPU
		{D0FF030D-BC12-4E57-A9AD-130FEED9BE4A}.Release|Any CPU.ActiveCfg = Release|Any CPU
		{D0FF030D-BC12-4E57-A9AD-130FEED9BE4A}.Release|Any CPU.Build.0 = Release|Any CPU
		{D0FF030D-BC12-4E57-A9AD-130FEED9BE4A}.Release|x64.ActiveCfg = Release|Any CPU
		{D0FF030D-BC12-4E57-A9AD-130FEED9BE4A}.Release|x64.Build.0 = Release|Any CPU
		{D0FF030D-BC12-4E57-A9AD-130FEED9BE4A}.Release|x86.ActiveCfg = Release|Any CPU
		{D0FF030D-BC12-4E57-A9AD-130FEED9BE4A}.Release|x86.Build.0 = Release|Any CPU
		{F6116939-5382-4339-A78D-DB9AF6F48D34}.Debug|Any CPU.ActiveCfg = Debug|Any CPU
		{F6116939-5382-4339-A78D-DB9AF6F48D34}.Debug|Any CPU.Build.0 = Debug|Any CPU
		{F6116939-5382-4339-A78D-DB9AF6F48D34}.Debug|x64.ActiveCfg = Debug|Any CPU
		{F6116939-5382-4339-A78D-DB9AF6F48D34}.Debug|x64.Build.0 = Debug|Any CPU
		{F6116939-5382-4339-A78D-DB9AF6F48D34}.Debug|x86.ActiveCfg = Debug|Any CPU
		{F6116939-5382-4339-A78D-DB9AF6F48D34}.Debug|x86.Build.0 = Debug|Any CPU
		{F6116939-5382-4339-A78D-DB9AF6F48D34}.Release|Any CPU.ActiveCfg = Release|Any CPU
		{F6116939-5382-4339-A78D-DB9AF6F48D34}.Release|Any CPU.Build.0 = Release|Any CPU
		{F6116939-5382-4339-A78D-DB9AF6F48D34}.Release|x64.ActiveCfg = Release|Any CPU
		{F6116939-5382-4339-A78D-DB9AF6F48D34}.Release|x64.Build.0 = Release|Any CPU
		{F6116939-5382-4339-A78D-DB9AF6F48D34}.Release|x86.ActiveCfg = Release|Any CPU
		{F6116939-5382-4339-A78D-DB9AF6F48D34}.Release|x86.Build.0 = Release|Any CPU
		{B38CDB6F-191D-4BB1-B74F-329D0C9ABD84}.Debug|Any CPU.ActiveCfg = Debug|x86
		{B38CDB6F-191D-4BB1-B74F-329D0C9ABD84}.Debug|x64.ActiveCfg = Debug|x86
		{B38CDB6F-191D-4BB1-B74F-329D0C9ABD84}.Debug|x86.ActiveCfg = Debug|x86
		{B38CDB6F-191D-4BB1-B74F-329D0C9ABD84}.Debug|x86.Build.0 = Debug|x86
		{B38CDB6F-191D-4BB1-B74F-329D0C9ABD84}.Release|Any CPU.ActiveCfg = Release|x86
		{B38CDB6F-191D-4BB1-B74F-329D0C9ABD84}.Release|x64.ActiveCfg = Release|x86
		{B38CDB6F-191D-4BB1-B74F-329D0C9ABD84}.Release|x86.ActiveCfg = Release|x86
		{B38CDB6F-191D-4BB1-B74F-329D0C9ABD84}.Release|x86.Build.0 = Release|x86
		{ED8F6540-C341-4B5F-8966-26A08E39AF87}.Debug|Any CPU.ActiveCfg = Debug|Any CPU
		{ED8F6540-C341-4B5F-8966-26A08E39AF87}.Debug|Any CPU.Build.0 = Debug|Any CPU
		{ED8F6540-C341-4B5F-8966-26A08E39AF87}.Debug|x64.ActiveCfg = Debug|Any CPU
		{ED8F6540-C341-4B5F-8966-26A08E39AF87}.Debug|x64.Build.0 = Debug|Any CPU
		{ED8F6540-C341-4B5F-8966-26A08E39AF87}.Debug|x86.ActiveCfg = Debug|Any CPU
		{ED8F6540-C341-4B5F-8966-26A08E39AF87}.Debug|x86.Build.0 = Debug|Any CPU
		{ED8F6540-C341-4B5F-8966-26A08E39AF87}.Release|Any CPU.ActiveCfg = Release|Any CPU
		{ED8F6540-C341-4B5F-8966-26A08E39AF87}.Release|Any CPU.Build.0 = Release|Any CPU
		{ED8F6540-C341-4B5F-8966-26A08E39AF87}.Release|x64.ActiveCfg = Release|Any CPU
		{ED8F6540-C341-4B5F-8966-26A08E39AF87}.Release|x64.Build.0 = Release|Any CPU
		{ED8F6540-C341-4B5F-8966-26A08E39AF87}.Release|x86.ActiveCfg = Release|Any CPU
		{ED8F6540-C341-4B5F-8966-26A08E39AF87}.Release|x86.Build.0 = Release|Any CPU
		{C1BE3204-94D1-4A9A-AE30-C3E302383182}.Debug|Any CPU.ActiveCfg = Debug|Any CPU
		{C1BE3204-94D1-4A9A-AE30-C3E302383182}.Debug|Any CPU.Build.0 = Debug|Any CPU
		{C1BE3204-94D1-4A9A-AE30-C3E302383182}.Debug|x64.ActiveCfg = Debug|x64
		{C1BE3204-94D1-4A9A-AE30-C3E302383182}.Debug|x64.Build.0 = Debug|x64
		{C1BE3204-94D1-4A9A-AE30-C3E302383182}.Debug|x86.ActiveCfg = Debug|Any CPU
		{C1BE3204-94D1-4A9A-AE30-C3E302383182}.Debug|x86.Build.0 = Debug|Any CPU
		{C1BE3204-94D1-4A9A-AE30-C3E302383182}.Release|Any CPU.ActiveCfg = Release|Any CPU
		{C1BE3204-94D1-4A9A-AE30-C3E302383182}.Release|Any CPU.Build.0 = Release|Any CPU
		{C1BE3204-94D1-4A9A-AE30-C3E302383182}.Release|x64.ActiveCfg = Release|x64
		{C1BE3204-94D1-4A9A-AE30-C3E302383182}.Release|x64.Build.0 = Release|x64
		{C1BE3204-94D1-4A9A-AE30-C3E302383182}.Release|x86.ActiveCfg = Release|Any CPU
		{C1BE3204-94D1-4A9A-AE30-C3E302383182}.Release|x86.Build.0 = Release|Any CPU
	EndGlobalSection
	GlobalSection(SolutionProperties) = preSolution
		HideSolutionNode = FALSE
	EndGlobalSection
	GlobalSection(ExtensibilityGlobals) = postSolution
		SolutionGuid = {CF7B0F64-1C1B-4350-867B-E06CEB778E6F}
	EndGlobalSection
EndGlobal
