
Microsoft Visual Studio Solution File, Format Version 12.00
# Visual Studio Version 16
VisualStudioVersion = 16.0.30011.22
MinimumVisualStudioVersion = 10.0.40219.1
Project("{FAE04EC0-301F-11D3-BF4B-00C04F79EFBC}") = "OpenBots.Updater", "OpenBots.Updater\OpenBots.Updater.csproj", "{3FC72D0C-D083-44C4-96E9-13FE599F8E0E}"
EndProject
Project("{FAE04EC0-301F-11D3-BF4B-00C04F79EFBC}") = "OpenBots.Server", "OpenBots.Server\OpenBots.Server.csproj", "{D0FF030D-BC12-4E57-A9AD-130FEED9BE4A}"
EndProject
Project("{930C7802-8A8C-48F9-8165-68863BCCD9DD}") = "OpenBots.Installer", "OpenBots.Installer\OpenBots.Installer.wixproj", "{B38CDB6F-191D-4BB1-B74F-329D0C9ABD84}"
EndProject
Project("{FAE04EC0-301F-11D3-BF4B-00C04F79EFBC}") = "OpenBots.Engine", "OpenBots.Engine\OpenBots.Engine.csproj", "{ED8F6540-C341-4B5F-8966-26A08E39AF87}"
EndProject
Project("{FAE04EC0-301F-11D3-BF4B-00C04F79EFBC}") = "OpenBots.Studio", "OpenBots.Studio\OpenBots.Studio.csproj", "{C1BE3204-94D1-4A9A-AE30-C3E302383182}"
EndProject
Project("{FAE04EC0-301F-11D3-BF4B-00C04F79EFBC}") = "OpenBots.Core", "OpenBots.Core\OpenBots.Core.csproj", "{6956836D-D2B0-4B7A-B06D-FA3A22B4C4FF}"
EndProject
Project("{2150E333-8FDC-42A3-9474-1A3956D46DE8}") = "OpenBots.Commands", "OpenBots.Commands", "{A799B480-CE25-47D7-AD13-3847ACAAA650}"
EndProject
Project("{FAE04EC0-301F-11D3-BF4B-00C04F79EFBC}") = "OpenBots.Commands.Data", "OpenBots.Commands\OpenBots.Commands.Data\OpenBots.Commands.Data.csproj", "{41F0E8C9-1F9C-42F8-AB41-94F10B21B023}"
EndProject
Project("{FAE04EC0-301F-11D3-BF4B-00C04F79EFBC}") = "OpenBots.Commands.Database", "OpenBots.Commands\OpenBots.Commands.Database\OpenBots.Commands.Database.csproj", "{6CBC4A77-3297-45D8-B83B-8CC9D8013CD5}"
EndProject
Project("{FAE04EC0-301F-11D3-BF4B-00C04F79EFBC}") = "OpenBots.Commands.DataTable", "OpenBots.Commands\OpenBots.Commands.DataTable\OpenBots.Commands.DataTable.csproj", "{39849D7E-1DBA-45C9-B151-78F14F233482}"
EndProject
Project("{FAE04EC0-301F-11D3-BF4B-00C04F79EFBC}") = "OpenBots.Commands.Dictionary", "OpenBots.Commands\OpenBots.Commands.Dictionary\OpenBots.Commands.Dictionary.csproj", "{00521258-959F-4842-9F8F-06D6B119D5C3}"
EndProject
Project("{FAE04EC0-301F-11D3-BF4B-00C04F79EFBC}") = "OpenBots.Commands.Email", "OpenBots.Commands\OpenBots.Commands.Email\OpenBots.Commands.Email.csproj", "{0B7B875D-2754-424E-8F4A-52DF9573D8C5}"
EndProject
Project("{FAE04EC0-301F-11D3-BF4B-00C04F79EFBC}") = "OpenBots.Commands.File", "OpenBots.Commands\OpenBots.Commands.File\OpenBots.Commands.File.csproj", "{7568D2F1-41AC-46A9-B5D7-A86A4E40BE9F}"
EndProject
Project("{FAE04EC0-301F-11D3-BF4B-00C04F79EFBC}") = "OpenBots.Commands.Folder", "OpenBots.Commands\OpenBots.Commands.Folder\OpenBots.Commands.Folder.csproj", "{38BA5C5F-5345-46A8-AF0B-33A63EAD1B11}"
EndProject
Project("{FAE04EC0-301F-11D3-BF4B-00C04F79EFBC}") = "OpenBots.Commands.Excel", "OpenBots.Commands\OpenBots.Commands.Excel\OpenBots.Commands.Excel.csproj", "{0FFCB6DF-DF1D-4731-8DF4-B109EA27CF69}"
EndProject
Project("{FAE04EC0-301F-11D3-BF4B-00C04F79EFBC}") = "OpenBots.Commands.List", "OpenBots.Commands\OpenBots.Commands.List\OpenBots.Commands.List.csproj", "{FACDF03F-BCA9-400C-8DCE-AB1C67D996E4}"
EndProject
Project("{FAE04EC0-301F-11D3-BF4B-00C04F79EFBC}") = "OpenBots.Commands.NLG", "OpenBots.Commands\OpenBots.Commands.NLG\OpenBots.Commands.NLG.csproj", "{8F720CB0-CDB6-4541-BCFC-1229B4B6D52D}"
EndProject
Project("{FAE04EC0-301F-11D3-BF4B-00C04F79EFBC}") = "OpenBots.Commands.Outlook", "OpenBots.Commands\OpenBots.Commands.Outlook\OpenBots.Commands.Outlook.csproj", "{6A4AD804-FF5D-44ED-9F49-A07D6D80DA38}"
EndProject
Project("{FAE04EC0-301F-11D3-BF4B-00C04F79EFBC}") = "OpenBots.Commands.Process", "OpenBots.Commands\OpenBots.Commands.Process\OpenBots.Commands.Process.csproj", "{49A14AC5-873F-4A79-BF8B-2A58158E5104}"
EndProject
Project("{FAE04EC0-301F-11D3-BF4B-00C04F79EFBC}") = "OpenBots.Commands.RegEx", "OpenBots.Commands\OpenBots.Commands.RegEx\OpenBots.Commands.RegEx.csproj", "{2A1CB88B-FA4B-4F6C-9A53-1085E8EE9210}"
EndProject
Project("{FAE04EC0-301F-11D3-BF4B-00C04F79EFBC}") = "OpenBots.Commands.Remote", "OpenBots.Commands\OpenBots.Commands.Remote\OpenBots.Commands.Remote.csproj", "{44AD3E1E-717A-496E-9C52-5868658113DA}"
EndProject
Project("{FAE04EC0-301F-11D3-BF4B-00C04F79EFBC}") = "OpenBots.Commands.SecureData", "OpenBots.Commands\OpenBots.Commands.SecureData\OpenBots.Commands.SecureData.csproj", "{41A24E66-A42D-4690-933F-87924FD2708C}"
EndProject
Project("{FAE04EC0-301F-11D3-BF4B-00C04F79EFBC}") = "OpenBots.Commands.System", "OpenBots.Commands\OpenBots.Commands.System\OpenBots.Commands.System.csproj", "{C92FD24B-87F1-4D07-B009-B9492306F4DC}"
EndProject
Project("{FAE04EC0-301F-11D3-BF4B-00C04F79EFBC}") = "OpenBots.Commands.TextFile", "OpenBots.Commands\OpenBots.Commands.TextFile\OpenBots.Commands.TextFile.csproj", "{B3818A00-154D-4296-B6D1-E20663D47397}"
EndProject
Project("{FAE04EC0-301F-11D3-BF4B-00C04F79EFBC}") = "OpenBots.Commands.Variable", "OpenBots.Commands\OpenBots.Commands.Variable\OpenBots.Commands.Variable.csproj", "{F8BE380A-A963-405A-8B57-24C2E87E6504}"
EndProject
Project("{FAE04EC0-301F-11D3-BF4B-00C04F79EFBC}") = "OpenBots.Commands.Word", "OpenBots.Commands\OpenBots.Commands.Word\OpenBots.Commands.Word.csproj", "{7AE7B650-2451-4DE0-AD5C-B1DB354D6A9F}"
EndProject
Global
	GlobalSection(SolutionConfigurationPlatforms) = preSolution
		Debug|Any CPU = Debug|Any CPU
		Debug|x64 = Debug|x64
		Debug|x86 = Debug|x86
		Release|Any CPU = Release|Any CPU
		Release|x64 = Release|x64
		Release|x86 = Release|x86
	EndGlobalSection
	GlobalSection(ProjectConfigurationPlatforms) = postSolution
		{3FC72D0C-D083-44C4-96E9-13FE599F8E0E}.Debug|Any CPU.ActiveCfg = Release|Any CPU
		{3FC72D0C-D083-44C4-96E9-13FE599F8E0E}.Debug|x64.ActiveCfg = Debug|x64
		{3FC72D0C-D083-44C4-96E9-13FE599F8E0E}.Debug|x64.Build.0 = Debug|x64
		{3FC72D0C-D083-44C4-96E9-13FE599F8E0E}.Debug|x86.ActiveCfg = Debug|Any CPU
		{3FC72D0C-D083-44C4-96E9-13FE599F8E0E}.Debug|x86.Build.0 = Debug|Any CPU
		{3FC72D0C-D083-44C4-96E9-13FE599F8E0E}.Release|Any CPU.ActiveCfg = Release|Any CPU
		{3FC72D0C-D083-44C4-96E9-13FE599F8E0E}.Release|Any CPU.Build.0 = Release|Any CPU
		{3FC72D0C-D083-44C4-96E9-13FE599F8E0E}.Release|x64.ActiveCfg = Release|x64
		{3FC72D0C-D083-44C4-96E9-13FE599F8E0E}.Release|x64.Build.0 = Release|x64
		{3FC72D0C-D083-44C4-96E9-13FE599F8E0E}.Release|x86.ActiveCfg = Release|Any CPU
		{3FC72D0C-D083-44C4-96E9-13FE599F8E0E}.Release|x86.Build.0 = Release|Any CPU
		{D0FF030D-BC12-4E57-A9AD-130FEED9BE4A}.Debug|Any CPU.ActiveCfg = Debug|Any CPU
		{D0FF030D-BC12-4E57-A9AD-130FEED9BE4A}.Debug|Any CPU.Build.0 = Debug|Any CPU
		{D0FF030D-BC12-4E57-A9AD-130FEED9BE4A}.Debug|x64.ActiveCfg = Debug|Any CPU
		{D0FF030D-BC12-4E57-A9AD-130FEED9BE4A}.Debug|x64.Build.0 = Debug|Any CPU
		{D0FF030D-BC12-4E57-A9AD-130FEED9BE4A}.Debug|x86.ActiveCfg = Debug|Any CPU
		{D0FF030D-BC12-4E57-A9AD-130FEED9BE4A}.Debug|x86.Build.0 = Debug|Any CPU
		{D0FF030D-BC12-4E57-A9AD-130FEED9BE4A}.Release|Any CPU.ActiveCfg = Release|Any CPU
		{D0FF030D-BC12-4E57-A9AD-130FEED9BE4A}.Release|Any CPU.Build.0 = Release|Any CPU
		{D0FF030D-BC12-4E57-A9AD-130FEED9BE4A}.Release|x64.ActiveCfg = Release|Any CPU
		{D0FF030D-BC12-4E57-A9AD-130FEED9BE4A}.Release|x64.Build.0 = Release|Any CPU
		{D0FF030D-BC12-4E57-A9AD-130FEED9BE4A}.Release|x86.ActiveCfg = Release|Any CPU
		{D0FF030D-BC12-4E57-A9AD-130FEED9BE4A}.Release|x86.Build.0 = Release|Any CPU
		{B38CDB6F-191D-4BB1-B74F-329D0C9ABD84}.Debug|Any CPU.ActiveCfg = Debug|x86
		{B38CDB6F-191D-4BB1-B74F-329D0C9ABD84}.Debug|x64.ActiveCfg = Debug|x86
		{B38CDB6F-191D-4BB1-B74F-329D0C9ABD84}.Debug|x86.ActiveCfg = Debug|x86
		{B38CDB6F-191D-4BB1-B74F-329D0C9ABD84}.Debug|x86.Build.0 = Debug|x86
		{B38CDB6F-191D-4BB1-B74F-329D0C9ABD84}.Release|Any CPU.ActiveCfg = Release|x86
		{B38CDB6F-191D-4BB1-B74F-329D0C9ABD84}.Release|x64.ActiveCfg = Release|x86
		{B38CDB6F-191D-4BB1-B74F-329D0C9ABD84}.Release|x86.ActiveCfg = Release|x86
		{B38CDB6F-191D-4BB1-B74F-329D0C9ABD84}.Release|x86.Build.0 = Release|x86
		{ED8F6540-C341-4B5F-8966-26A08E39AF87}.Debug|Any CPU.ActiveCfg = Debug|Any CPU
		{ED8F6540-C341-4B5F-8966-26A08E39AF87}.Debug|Any CPU.Build.0 = Debug|Any CPU
		{ED8F6540-C341-4B5F-8966-26A08E39AF87}.Debug|x64.ActiveCfg = Debug|Any CPU
		{ED8F6540-C341-4B5F-8966-26A08E39AF87}.Debug|x64.Build.0 = Debug|Any CPU
		{ED8F6540-C341-4B5F-8966-26A08E39AF87}.Debug|x86.ActiveCfg = Debug|Any CPU
		{ED8F6540-C341-4B5F-8966-26A08E39AF87}.Debug|x86.Build.0 = Debug|Any CPU
		{ED8F6540-C341-4B5F-8966-26A08E39AF87}.Release|Any CPU.ActiveCfg = Release|Any CPU
		{ED8F6540-C341-4B5F-8966-26A08E39AF87}.Release|Any CPU.Build.0 = Release|Any CPU
		{ED8F6540-C341-4B5F-8966-26A08E39AF87}.Release|x64.ActiveCfg = Release|Any CPU
		{ED8F6540-C341-4B5F-8966-26A08E39AF87}.Release|x64.Build.0 = Release|Any CPU
		{ED8F6540-C341-4B5F-8966-26A08E39AF87}.Release|x86.ActiveCfg = Release|Any CPU
		{ED8F6540-C341-4B5F-8966-26A08E39AF87}.Release|x86.Build.0 = Release|Any CPU
		{C1BE3204-94D1-4A9A-AE30-C3E302383182}.Debug|Any CPU.ActiveCfg = Debug|Any CPU
		{C1BE3204-94D1-4A9A-AE30-C3E302383182}.Debug|Any CPU.Build.0 = Debug|Any CPU
		{C1BE3204-94D1-4A9A-AE30-C3E302383182}.Debug|x64.ActiveCfg = Debug|x64
		{C1BE3204-94D1-4A9A-AE30-C3E302383182}.Debug|x64.Build.0 = Debug|x64
		{C1BE3204-94D1-4A9A-AE30-C3E302383182}.Debug|x86.ActiveCfg = Debug|Any CPU
		{C1BE3204-94D1-4A9A-AE30-C3E302383182}.Debug|x86.Build.0 = Debug|Any CPU
		{C1BE3204-94D1-4A9A-AE30-C3E302383182}.Release|Any CPU.ActiveCfg = Release|Any CPU
		{C1BE3204-94D1-4A9A-AE30-C3E302383182}.Release|Any CPU.Build.0 = Release|Any CPU
		{C1BE3204-94D1-4A9A-AE30-C3E302383182}.Release|x64.ActiveCfg = Release|x64
		{C1BE3204-94D1-4A9A-AE30-C3E302383182}.Release|x64.Build.0 = Release|x64
		{C1BE3204-94D1-4A9A-AE30-C3E302383182}.Release|x86.ActiveCfg = Release|Any CPU
		{C1BE3204-94D1-4A9A-AE30-C3E302383182}.Release|x86.Build.0 = Release|Any CPU
		{6956836D-D2B0-4B7A-B06D-FA3A22B4C4FF}.Debug|Any CPU.ActiveCfg = Debug|Any CPU
		{6956836D-D2B0-4B7A-B06D-FA3A22B4C4FF}.Debug|Any CPU.Build.0 = Debug|Any CPU
		{6956836D-D2B0-4B7A-B06D-FA3A22B4C4FF}.Debug|x64.ActiveCfg = Debug|Any CPU
		{6956836D-D2B0-4B7A-B06D-FA3A22B4C4FF}.Debug|x64.Build.0 = Debug|Any CPU
		{6956836D-D2B0-4B7A-B06D-FA3A22B4C4FF}.Debug|x86.ActiveCfg = Debug|Any CPU
		{6956836D-D2B0-4B7A-B06D-FA3A22B4C4FF}.Debug|x86.Build.0 = Debug|Any CPU
		{6956836D-D2B0-4B7A-B06D-FA3A22B4C4FF}.Release|Any CPU.ActiveCfg = Release|Any CPU
		{6956836D-D2B0-4B7A-B06D-FA3A22B4C4FF}.Release|Any CPU.Build.0 = Release|Any CPU
		{6956836D-D2B0-4B7A-B06D-FA3A22B4C4FF}.Release|x64.ActiveCfg = Release|Any CPU
		{6956836D-D2B0-4B7A-B06D-FA3A22B4C4FF}.Release|x64.Build.0 = Release|Any CPU
		{6956836D-D2B0-4B7A-B06D-FA3A22B4C4FF}.Release|x86.ActiveCfg = Release|Any CPU
		{6956836D-D2B0-4B7A-B06D-FA3A22B4C4FF}.Release|x86.Build.0 = Release|Any CPU
		{41F0E8C9-1F9C-42F8-AB41-94F10B21B023}.Debug|Any CPU.ActiveCfg = Debug|Any CPU
		{41F0E8C9-1F9C-42F8-AB41-94F10B21B023}.Debug|Any CPU.Build.0 = Debug|Any CPU
		{41F0E8C9-1F9C-42F8-AB41-94F10B21B023}.Debug|x64.ActiveCfg = Debug|Any CPU
		{41F0E8C9-1F9C-42F8-AB41-94F10B21B023}.Debug|x64.Build.0 = Debug|Any CPU
		{41F0E8C9-1F9C-42F8-AB41-94F10B21B023}.Debug|x86.ActiveCfg = Debug|Any CPU
		{41F0E8C9-1F9C-42F8-AB41-94F10B21B023}.Debug|x86.Build.0 = Debug|Any CPU
		{41F0E8C9-1F9C-42F8-AB41-94F10B21B023}.Release|Any CPU.ActiveCfg = Release|Any CPU
		{41F0E8C9-1F9C-42F8-AB41-94F10B21B023}.Release|Any CPU.Build.0 = Release|Any CPU
		{41F0E8C9-1F9C-42F8-AB41-94F10B21B023}.Release|x64.ActiveCfg = Release|Any CPU
		{41F0E8C9-1F9C-42F8-AB41-94F10B21B023}.Release|x64.Build.0 = Release|Any CPU
		{41F0E8C9-1F9C-42F8-AB41-94F10B21B023}.Release|x86.ActiveCfg = Release|Any CPU
		{41F0E8C9-1F9C-42F8-AB41-94F10B21B023}.Release|x86.Build.0 = Release|Any CPU
		{6CBC4A77-3297-45D8-B83B-8CC9D8013CD5}.Debug|Any CPU.ActiveCfg = Debug|Any CPU
		{6CBC4A77-3297-45D8-B83B-8CC9D8013CD5}.Debug|Any CPU.Build.0 = Debug|Any CPU
		{6CBC4A77-3297-45D8-B83B-8CC9D8013CD5}.Debug|x64.ActiveCfg = Debug|Any CPU
		{6CBC4A77-3297-45D8-B83B-8CC9D8013CD5}.Debug|x64.Build.0 = Debug|Any CPU
		{6CBC4A77-3297-45D8-B83B-8CC9D8013CD5}.Debug|x86.ActiveCfg = Debug|Any CPU
		{6CBC4A77-3297-45D8-B83B-8CC9D8013CD5}.Debug|x86.Build.0 = Debug|Any CPU
		{6CBC4A77-3297-45D8-B83B-8CC9D8013CD5}.Release|Any CPU.ActiveCfg = Release|Any CPU
		{6CBC4A77-3297-45D8-B83B-8CC9D8013CD5}.Release|Any CPU.Build.0 = Release|Any CPU
		{6CBC4A77-3297-45D8-B83B-8CC9D8013CD5}.Release|x64.ActiveCfg = Release|Any CPU
		{6CBC4A77-3297-45D8-B83B-8CC9D8013CD5}.Release|x64.Build.0 = Release|Any CPU
		{6CBC4A77-3297-45D8-B83B-8CC9D8013CD5}.Release|x86.ActiveCfg = Release|Any CPU
		{6CBC4A77-3297-45D8-B83B-8CC9D8013CD5}.Release|x86.Build.0 = Release|Any CPU
		{39849D7E-1DBA-45C9-B151-78F14F233482}.Debug|Any CPU.ActiveCfg = Debug|Any CPU
		{39849D7E-1DBA-45C9-B151-78F14F233482}.Debug|Any CPU.Build.0 = Debug|Any CPU
		{39849D7E-1DBA-45C9-B151-78F14F233482}.Debug|x64.ActiveCfg = Debug|Any CPU
		{39849D7E-1DBA-45C9-B151-78F14F233482}.Debug|x64.Build.0 = Debug|Any CPU
		{39849D7E-1DBA-45C9-B151-78F14F233482}.Debug|x86.ActiveCfg = Debug|Any CPU
		{39849D7E-1DBA-45C9-B151-78F14F233482}.Debug|x86.Build.0 = Debug|Any CPU
		{39849D7E-1DBA-45C9-B151-78F14F233482}.Release|Any CPU.ActiveCfg = Release|Any CPU
		{39849D7E-1DBA-45C9-B151-78F14F233482}.Release|Any CPU.Build.0 = Release|Any CPU
		{39849D7E-1DBA-45C9-B151-78F14F233482}.Release|x64.ActiveCfg = Release|Any CPU
		{39849D7E-1DBA-45C9-B151-78F14F233482}.Release|x64.Build.0 = Release|Any CPU
		{39849D7E-1DBA-45C9-B151-78F14F233482}.Release|x86.ActiveCfg = Release|Any CPU
		{39849D7E-1DBA-45C9-B151-78F14F233482}.Release|x86.Build.0 = Release|Any CPU
		{00521258-959F-4842-9F8F-06D6B119D5C3}.Debug|Any CPU.ActiveCfg = Debug|Any CPU
		{00521258-959F-4842-9F8F-06D6B119D5C3}.Debug|Any CPU.Build.0 = Debug|Any CPU
		{00521258-959F-4842-9F8F-06D6B119D5C3}.Debug|x64.ActiveCfg = Debug|Any CPU
		{00521258-959F-4842-9F8F-06D6B119D5C3}.Debug|x64.Build.0 = Debug|Any CPU
		{00521258-959F-4842-9F8F-06D6B119D5C3}.Debug|x86.ActiveCfg = Debug|Any CPU
		{00521258-959F-4842-9F8F-06D6B119D5C3}.Debug|x86.Build.0 = Debug|Any CPU
		{00521258-959F-4842-9F8F-06D6B119D5C3}.Release|Any CPU.ActiveCfg = Release|Any CPU
		{00521258-959F-4842-9F8F-06D6B119D5C3}.Release|Any CPU.Build.0 = Release|Any CPU
		{00521258-959F-4842-9F8F-06D6B119D5C3}.Release|x64.ActiveCfg = Release|Any CPU
		{00521258-959F-4842-9F8F-06D6B119D5C3}.Release|x64.Build.0 = Release|Any CPU
		{00521258-959F-4842-9F8F-06D6B119D5C3}.Release|x86.ActiveCfg = Release|Any CPU
		{00521258-959F-4842-9F8F-06D6B119D5C3}.Release|x86.Build.0 = Release|Any CPU
		{0B7B875D-2754-424E-8F4A-52DF9573D8C5}.Debug|Any CPU.ActiveCfg = Debug|Any CPU
		{0B7B875D-2754-424E-8F4A-52DF9573D8C5}.Debug|Any CPU.Build.0 = Debug|Any CPU
		{0B7B875D-2754-424E-8F4A-52DF9573D8C5}.Debug|x64.ActiveCfg = Debug|Any CPU
		{0B7B875D-2754-424E-8F4A-52DF9573D8C5}.Debug|x64.Build.0 = Debug|Any CPU
		{0B7B875D-2754-424E-8F4A-52DF9573D8C5}.Debug|x86.ActiveCfg = Debug|Any CPU
		{0B7B875D-2754-424E-8F4A-52DF9573D8C5}.Debug|x86.Build.0 = Debug|Any CPU
		{0B7B875D-2754-424E-8F4A-52DF9573D8C5}.Release|Any CPU.ActiveCfg = Release|Any CPU
		{0B7B875D-2754-424E-8F4A-52DF9573D8C5}.Release|Any CPU.Build.0 = Release|Any CPU
		{0B7B875D-2754-424E-8F4A-52DF9573D8C5}.Release|x64.ActiveCfg = Release|Any CPU
		{0B7B875D-2754-424E-8F4A-52DF9573D8C5}.Release|x64.Build.0 = Release|Any CPU
		{0B7B875D-2754-424E-8F4A-52DF9573D8C5}.Release|x86.ActiveCfg = Release|Any CPU
		{0B7B875D-2754-424E-8F4A-52DF9573D8C5}.Release|x86.Build.0 = Release|Any CPU
		{7568D2F1-41AC-46A9-B5D7-A86A4E40BE9F}.Debug|Any CPU.ActiveCfg = Debug|Any CPU
		{7568D2F1-41AC-46A9-B5D7-A86A4E40BE9F}.Debug|Any CPU.Build.0 = Debug|Any CPU
		{7568D2F1-41AC-46A9-B5D7-A86A4E40BE9F}.Debug|x64.ActiveCfg = Debug|Any CPU
		{7568D2F1-41AC-46A9-B5D7-A86A4E40BE9F}.Debug|x64.Build.0 = Debug|Any CPU
		{7568D2F1-41AC-46A9-B5D7-A86A4E40BE9F}.Debug|x86.ActiveCfg = Debug|Any CPU
		{7568D2F1-41AC-46A9-B5D7-A86A4E40BE9F}.Debug|x86.Build.0 = Debug|Any CPU
		{7568D2F1-41AC-46A9-B5D7-A86A4E40BE9F}.Release|Any CPU.ActiveCfg = Release|Any CPU
		{7568D2F1-41AC-46A9-B5D7-A86A4E40BE9F}.Release|Any CPU.Build.0 = Release|Any CPU
		{7568D2F1-41AC-46A9-B5D7-A86A4E40BE9F}.Release|x64.ActiveCfg = Release|Any CPU
		{7568D2F1-41AC-46A9-B5D7-A86A4E40BE9F}.Release|x64.Build.0 = Release|Any CPU
		{7568D2F1-41AC-46A9-B5D7-A86A4E40BE9F}.Release|x86.ActiveCfg = Release|Any CPU
		{7568D2F1-41AC-46A9-B5D7-A86A4E40BE9F}.Release|x86.Build.0 = Release|Any CPU
		{38BA5C5F-5345-46A8-AF0B-33A63EAD1B11}.Debug|Any CPU.ActiveCfg = Debug|Any CPU
		{38BA5C5F-5345-46A8-AF0B-33A63EAD1B11}.Debug|Any CPU.Build.0 = Debug|Any CPU
		{38BA5C5F-5345-46A8-AF0B-33A63EAD1B11}.Debug|x64.ActiveCfg = Debug|Any CPU
		{38BA5C5F-5345-46A8-AF0B-33A63EAD1B11}.Debug|x64.Build.0 = Debug|Any CPU
		{38BA5C5F-5345-46A8-AF0B-33A63EAD1B11}.Debug|x86.ActiveCfg = Debug|Any CPU
		{38BA5C5F-5345-46A8-AF0B-33A63EAD1B11}.Debug|x86.Build.0 = Debug|Any CPU
		{38BA5C5F-5345-46A8-AF0B-33A63EAD1B11}.Release|Any CPU.ActiveCfg = Release|Any CPU
		{38BA5C5F-5345-46A8-AF0B-33A63EAD1B11}.Release|Any CPU.Build.0 = Release|Any CPU
		{38BA5C5F-5345-46A8-AF0B-33A63EAD1B11}.Release|x64.ActiveCfg = Release|Any CPU
		{38BA5C5F-5345-46A8-AF0B-33A63EAD1B11}.Release|x64.Build.0 = Release|Any CPU
		{38BA5C5F-5345-46A8-AF0B-33A63EAD1B11}.Release|x86.ActiveCfg = Release|Any CPU
		{38BA5C5F-5345-46A8-AF0B-33A63EAD1B11}.Release|x86.Build.0 = Release|Any CPU
		{0FFCB6DF-DF1D-4731-8DF4-B109EA27CF69}.Debug|Any CPU.ActiveCfg = Debug|Any CPU
		{0FFCB6DF-DF1D-4731-8DF4-B109EA27CF69}.Debug|Any CPU.Build.0 = Debug|Any CPU
		{0FFCB6DF-DF1D-4731-8DF4-B109EA27CF69}.Debug|x64.ActiveCfg = Debug|Any CPU
		{0FFCB6DF-DF1D-4731-8DF4-B109EA27CF69}.Debug|x64.Build.0 = Debug|Any CPU
		{0FFCB6DF-DF1D-4731-8DF4-B109EA27CF69}.Debug|x86.ActiveCfg = Debug|Any CPU
		{0FFCB6DF-DF1D-4731-8DF4-B109EA27CF69}.Debug|x86.Build.0 = Debug|Any CPU
		{0FFCB6DF-DF1D-4731-8DF4-B109EA27CF69}.Release|Any CPU.ActiveCfg = Release|Any CPU
		{0FFCB6DF-DF1D-4731-8DF4-B109EA27CF69}.Release|Any CPU.Build.0 = Release|Any CPU
		{0FFCB6DF-DF1D-4731-8DF4-B109EA27CF69}.Release|x64.ActiveCfg = Release|Any CPU
		{0FFCB6DF-DF1D-4731-8DF4-B109EA27CF69}.Release|x64.Build.0 = Release|Any CPU
		{0FFCB6DF-DF1D-4731-8DF4-B109EA27CF69}.Release|x86.ActiveCfg = Release|Any CPU
		{0FFCB6DF-DF1D-4731-8DF4-B109EA27CF69}.Release|x86.Build.0 = Release|Any CPU
		{FACDF03F-BCA9-400C-8DCE-AB1C67D996E4}.Debug|Any CPU.ActiveCfg = Debug|Any CPU
		{FACDF03F-BCA9-400C-8DCE-AB1C67D996E4}.Debug|Any CPU.Build.0 = Debug|Any CPU
		{FACDF03F-BCA9-400C-8DCE-AB1C67D996E4}.Debug|x64.ActiveCfg = Debug|Any CPU
		{FACDF03F-BCA9-400C-8DCE-AB1C67D996E4}.Debug|x64.Build.0 = Debug|Any CPU
		{FACDF03F-BCA9-400C-8DCE-AB1C67D996E4}.Debug|x86.ActiveCfg = Debug|Any CPU
		{FACDF03F-BCA9-400C-8DCE-AB1C67D996E4}.Debug|x86.Build.0 = Debug|Any CPU
		{FACDF03F-BCA9-400C-8DCE-AB1C67D996E4}.Release|Any CPU.ActiveCfg = Release|Any CPU
		{FACDF03F-BCA9-400C-8DCE-AB1C67D996E4}.Release|Any CPU.Build.0 = Release|Any CPU
		{FACDF03F-BCA9-400C-8DCE-AB1C67D996E4}.Release|x64.ActiveCfg = Release|Any CPU
		{FACDF03F-BCA9-400C-8DCE-AB1C67D996E4}.Release|x64.Build.0 = Release|Any CPU
		{FACDF03F-BCA9-400C-8DCE-AB1C67D996E4}.Release|x86.ActiveCfg = Release|Any CPU
		{FACDF03F-BCA9-400C-8DCE-AB1C67D996E4}.Release|x86.Build.0 = Release|Any CPU
		{8F720CB0-CDB6-4541-BCFC-1229B4B6D52D}.Debug|Any CPU.ActiveCfg = Debug|Any CPU
		{8F720CB0-CDB6-4541-BCFC-1229B4B6D52D}.Debug|Any CPU.Build.0 = Debug|Any CPU
		{8F720CB0-CDB6-4541-BCFC-1229B4B6D52D}.Debug|x64.ActiveCfg = Debug|Any CPU
		{8F720CB0-CDB6-4541-BCFC-1229B4B6D52D}.Debug|x64.Build.0 = Debug|Any CPU
		{8F720CB0-CDB6-4541-BCFC-1229B4B6D52D}.Debug|x86.ActiveCfg = Debug|Any CPU
		{8F720CB0-CDB6-4541-BCFC-1229B4B6D52D}.Debug|x86.Build.0 = Debug|Any CPU
		{8F720CB0-CDB6-4541-BCFC-1229B4B6D52D}.Release|Any CPU.ActiveCfg = Release|Any CPU
		{8F720CB0-CDB6-4541-BCFC-1229B4B6D52D}.Release|Any CPU.Build.0 = Release|Any CPU
		{8F720CB0-CDB6-4541-BCFC-1229B4B6D52D}.Release|x64.ActiveCfg = Release|Any CPU
		{8F720CB0-CDB6-4541-BCFC-1229B4B6D52D}.Release|x64.Build.0 = Release|Any CPU
		{8F720CB0-CDB6-4541-BCFC-1229B4B6D52D}.Release|x86.ActiveCfg = Release|Any CPU
		{8F720CB0-CDB6-4541-BCFC-1229B4B6D52D}.Release|x86.Build.0 = Release|Any CPU
		{6A4AD804-FF5D-44ED-9F49-A07D6D80DA38}.Debug|Any CPU.ActiveCfg = Debug|Any CPU
		{6A4AD804-FF5D-44ED-9F49-A07D6D80DA38}.Debug|Any CPU.Build.0 = Debug|Any CPU
		{6A4AD804-FF5D-44ED-9F49-A07D6D80DA38}.Debug|x64.ActiveCfg = Debug|Any CPU
		{6A4AD804-FF5D-44ED-9F49-A07D6D80DA38}.Debug|x64.Build.0 = Debug|Any CPU
		{6A4AD804-FF5D-44ED-9F49-A07D6D80DA38}.Debug|x86.ActiveCfg = Debug|Any CPU
		{6A4AD804-FF5D-44ED-9F49-A07D6D80DA38}.Debug|x86.Build.0 = Debug|Any CPU
		{6A4AD804-FF5D-44ED-9F49-A07D6D80DA38}.Release|Any CPU.ActiveCfg = Release|Any CPU
		{6A4AD804-FF5D-44ED-9F49-A07D6D80DA38}.Release|Any CPU.Build.0 = Release|Any CPU
		{6A4AD804-FF5D-44ED-9F49-A07D6D80DA38}.Release|x64.ActiveCfg = Release|Any CPU
		{6A4AD804-FF5D-44ED-9F49-A07D6D80DA38}.Release|x64.Build.0 = Release|Any CPU
		{6A4AD804-FF5D-44ED-9F49-A07D6D80DA38}.Release|x86.ActiveCfg = Release|Any CPU
		{6A4AD804-FF5D-44ED-9F49-A07D6D80DA38}.Release|x86.Build.0 = Release|Any CPU
		{49A14AC5-873F-4A79-BF8B-2A58158E5104}.Debug|Any CPU.ActiveCfg = Debug|Any CPU
		{49A14AC5-873F-4A79-BF8B-2A58158E5104}.Debug|Any CPU.Build.0 = Debug|Any CPU
		{49A14AC5-873F-4A79-BF8B-2A58158E5104}.Debug|x64.ActiveCfg = Debug|Any CPU
		{49A14AC5-873F-4A79-BF8B-2A58158E5104}.Debug|x64.Build.0 = Debug|Any CPU
		{49A14AC5-873F-4A79-BF8B-2A58158E5104}.Debug|x86.ActiveCfg = Debug|Any CPU
		{49A14AC5-873F-4A79-BF8B-2A58158E5104}.Debug|x86.Build.0 = Debug|Any CPU
		{49A14AC5-873F-4A79-BF8B-2A58158E5104}.Release|Any CPU.ActiveCfg = Release|Any CPU
		{49A14AC5-873F-4A79-BF8B-2A58158E5104}.Release|Any CPU.Build.0 = Release|Any CPU
		{49A14AC5-873F-4A79-BF8B-2A58158E5104}.Release|x64.ActiveCfg = Release|Any CPU
		{49A14AC5-873F-4A79-BF8B-2A58158E5104}.Release|x64.Build.0 = Release|Any CPU
		{49A14AC5-873F-4A79-BF8B-2A58158E5104}.Release|x86.ActiveCfg = Release|Any CPU
		{49A14AC5-873F-4A79-BF8B-2A58158E5104}.Release|x86.Build.0 = Release|Any CPU
		{2A1CB88B-FA4B-4F6C-9A53-1085E8EE9210}.Debug|Any CPU.ActiveCfg = Debug|Any CPU
		{2A1CB88B-FA4B-4F6C-9A53-1085E8EE9210}.Debug|Any CPU.Build.0 = Debug|Any CPU
		{2A1CB88B-FA4B-4F6C-9A53-1085E8EE9210}.Debug|x64.ActiveCfg = Debug|Any CPU
		{2A1CB88B-FA4B-4F6C-9A53-1085E8EE9210}.Debug|x64.Build.0 = Debug|Any CPU
		{2A1CB88B-FA4B-4F6C-9A53-1085E8EE9210}.Debug|x86.ActiveCfg = Debug|Any CPU
		{2A1CB88B-FA4B-4F6C-9A53-1085E8EE9210}.Debug|x86.Build.0 = Debug|Any CPU
		{2A1CB88B-FA4B-4F6C-9A53-1085E8EE9210}.Release|Any CPU.ActiveCfg = Release|Any CPU
		{2A1CB88B-FA4B-4F6C-9A53-1085E8EE9210}.Release|Any CPU.Build.0 = Release|Any CPU
		{2A1CB88B-FA4B-4F6C-9A53-1085E8EE9210}.Release|x64.ActiveCfg = Release|Any CPU
		{2A1CB88B-FA4B-4F6C-9A53-1085E8EE9210}.Release|x64.Build.0 = Release|Any CPU
		{2A1CB88B-FA4B-4F6C-9A53-1085E8EE9210}.Release|x86.ActiveCfg = Release|Any CPU
		{2A1CB88B-FA4B-4F6C-9A53-1085E8EE9210}.Release|x86.Build.0 = Release|Any CPU
		{44AD3E1E-717A-496E-9C52-5868658113DA}.Debug|Any CPU.ActiveCfg = Debug|Any CPU
		{44AD3E1E-717A-496E-9C52-5868658113DA}.Debug|Any CPU.Build.0 = Debug|Any CPU
		{44AD3E1E-717A-496E-9C52-5868658113DA}.Debug|x64.ActiveCfg = Debug|Any CPU
		{44AD3E1E-717A-496E-9C52-5868658113DA}.Debug|x64.Build.0 = Debug|Any CPU
		{44AD3E1E-717A-496E-9C52-5868658113DA}.Debug|x86.ActiveCfg = Debug|Any CPU
		{44AD3E1E-717A-496E-9C52-5868658113DA}.Debug|x86.Build.0 = Debug|Any CPU
		{44AD3E1E-717A-496E-9C52-5868658113DA}.Release|Any CPU.ActiveCfg = Release|Any CPU
		{44AD3E1E-717A-496E-9C52-5868658113DA}.Release|Any CPU.Build.0 = Release|Any CPU
		{44AD3E1E-717A-496E-9C52-5868658113DA}.Release|x64.ActiveCfg = Release|Any CPU
		{44AD3E1E-717A-496E-9C52-5868658113DA}.Release|x64.Build.0 = Release|Any CPU
		{44AD3E1E-717A-496E-9C52-5868658113DA}.Release|x86.ActiveCfg = Release|Any CPU
		{44AD3E1E-717A-496E-9C52-5868658113DA}.Release|x86.Build.0 = Release|Any CPU
		{41A24E66-A42D-4690-933F-87924FD2708C}.Debug|Any CPU.ActiveCfg = Debug|Any CPU
		{41A24E66-A42D-4690-933F-87924FD2708C}.Debug|Any CPU.Build.0 = Debug|Any CPU
		{41A24E66-A42D-4690-933F-87924FD2708C}.Debug|x64.ActiveCfg = Debug|Any CPU
		{41A24E66-A42D-4690-933F-87924FD2708C}.Debug|x64.Build.0 = Debug|Any CPU
		{41A24E66-A42D-4690-933F-87924FD2708C}.Debug|x86.ActiveCfg = Debug|Any CPU
		{41A24E66-A42D-4690-933F-87924FD2708C}.Debug|x86.Build.0 = Debug|Any CPU
		{41A24E66-A42D-4690-933F-87924FD2708C}.Release|Any CPU.ActiveCfg = Release|Any CPU
		{41A24E66-A42D-4690-933F-87924FD2708C}.Release|Any CPU.Build.0 = Release|Any CPU
		{41A24E66-A42D-4690-933F-87924FD2708C}.Release|x64.ActiveCfg = Release|Any CPU
		{41A24E66-A42D-4690-933F-87924FD2708C}.Release|x64.Build.0 = Release|Any CPU
		{41A24E66-A42D-4690-933F-87924FD2708C}.Release|x86.ActiveCfg = Release|Any CPU
		{41A24E66-A42D-4690-933F-87924FD2708C}.Release|x86.Build.0 = Release|Any CPU
		{C92FD24B-87F1-4D07-B009-B9492306F4DC}.Debug|Any CPU.ActiveCfg = Debug|Any CPU
		{C92FD24B-87F1-4D07-B009-B9492306F4DC}.Debug|Any CPU.Build.0 = Debug|Any CPU
		{C92FD24B-87F1-4D07-B009-B9492306F4DC}.Debug|x64.ActiveCfg = Debug|Any CPU
		{C92FD24B-87F1-4D07-B009-B9492306F4DC}.Debug|x64.Build.0 = Debug|Any CPU
		{C92FD24B-87F1-4D07-B009-B9492306F4DC}.Debug|x86.ActiveCfg = Debug|Any CPU
		{C92FD24B-87F1-4D07-B009-B9492306F4DC}.Debug|x86.Build.0 = Debug|Any CPU
		{C92FD24B-87F1-4D07-B009-B9492306F4DC}.Release|Any CPU.ActiveCfg = Release|Any CPU
		{C92FD24B-87F1-4D07-B009-B9492306F4DC}.Release|Any CPU.Build.0 = Release|Any CPU
		{C92FD24B-87F1-4D07-B009-B9492306F4DC}.Release|x64.ActiveCfg = Release|Any CPU
		{C92FD24B-87F1-4D07-B009-B9492306F4DC}.Release|x64.Build.0 = Release|Any CPU
		{C92FD24B-87F1-4D07-B009-B9492306F4DC}.Release|x86.ActiveCfg = Release|Any CPU
		{C92FD24B-87F1-4D07-B009-B9492306F4DC}.Release|x86.Build.0 = Release|Any CPU
		{B3818A00-154D-4296-B6D1-E20663D47397}.Debug|Any CPU.ActiveCfg = Debug|Any CPU
		{B3818A00-154D-4296-B6D1-E20663D47397}.Debug|Any CPU.Build.0 = Debug|Any CPU
		{B3818A00-154D-4296-B6D1-E20663D47397}.Debug|x64.ActiveCfg = Debug|Any CPU
		{B3818A00-154D-4296-B6D1-E20663D47397}.Debug|x64.Build.0 = Debug|Any CPU
		{B3818A00-154D-4296-B6D1-E20663D47397}.Debug|x86.ActiveCfg = Debug|Any CPU
		{B3818A00-154D-4296-B6D1-E20663D47397}.Debug|x86.Build.0 = Debug|Any CPU
		{B3818A00-154D-4296-B6D1-E20663D47397}.Release|Any CPU.ActiveCfg = Release|Any CPU
		{B3818A00-154D-4296-B6D1-E20663D47397}.Release|Any CPU.Build.0 = Release|Any CPU
		{B3818A00-154D-4296-B6D1-E20663D47397}.Release|x64.ActiveCfg = Release|Any CPU
		{B3818A00-154D-4296-B6D1-E20663D47397}.Release|x64.Build.0 = Release|Any CPU
		{B3818A00-154D-4296-B6D1-E20663D47397}.Release|x86.ActiveCfg = Release|Any CPU
		{B3818A00-154D-4296-B6D1-E20663D47397}.Release|x86.Build.0 = Release|Any CPU
		{F8BE380A-A963-405A-8B57-24C2E87E6504}.Debug|Any CPU.ActiveCfg = Debug|Any CPU
		{F8BE380A-A963-405A-8B57-24C2E87E6504}.Debug|Any CPU.Build.0 = Debug|Any CPU
		{F8BE380A-A963-405A-8B57-24C2E87E6504}.Debug|x64.ActiveCfg = Debug|Any CPU
		{F8BE380A-A963-405A-8B57-24C2E87E6504}.Debug|x64.Build.0 = Debug|Any CPU
		{F8BE380A-A963-405A-8B57-24C2E87E6504}.Debug|x86.ActiveCfg = Debug|Any CPU
		{F8BE380A-A963-405A-8B57-24C2E87E6504}.Debug|x86.Build.0 = Debug|Any CPU
		{F8BE380A-A963-405A-8B57-24C2E87E6504}.Release|Any CPU.ActiveCfg = Release|Any CPU
		{F8BE380A-A963-405A-8B57-24C2E87E6504}.Release|Any CPU.Build.0 = Release|Any CPU
		{F8BE380A-A963-405A-8B57-24C2E87E6504}.Release|x64.ActiveCfg = Release|Any CPU
		{F8BE380A-A963-405A-8B57-24C2E87E6504}.Release|x64.Build.0 = Release|Any CPU
		{F8BE380A-A963-405A-8B57-24C2E87E6504}.Release|x86.ActiveCfg = Release|Any CPU
		{F8BE380A-A963-405A-8B57-24C2E87E6504}.Release|x86.Build.0 = Release|Any CPU
		{7AE7B650-2451-4DE0-AD5C-B1DB354D6A9F}.Debug|Any CPU.ActiveCfg = Debug|Any CPU
		{7AE7B650-2451-4DE0-AD5C-B1DB354D6A9F}.Debug|Any CPU.Build.0 = Debug|Any CPU
		{7AE7B650-2451-4DE0-AD5C-B1DB354D6A9F}.Debug|x64.ActiveCfg = Debug|Any CPU
		{7AE7B650-2451-4DE0-AD5C-B1DB354D6A9F}.Debug|x64.Build.0 = Debug|Any CPU
		{7AE7B650-2451-4DE0-AD5C-B1DB354D6A9F}.Debug|x86.ActiveCfg = Debug|Any CPU
		{7AE7B650-2451-4DE0-AD5C-B1DB354D6A9F}.Debug|x86.Build.0 = Debug|Any CPU
		{7AE7B650-2451-4DE0-AD5C-B1DB354D6A9F}.Release|Any CPU.ActiveCfg = Release|Any CPU
		{7AE7B650-2451-4DE0-AD5C-B1DB354D6A9F}.Release|Any CPU.Build.0 = Release|Any CPU
		{7AE7B650-2451-4DE0-AD5C-B1DB354D6A9F}.Release|x64.ActiveCfg = Release|Any CPU
		{7AE7B650-2451-4DE0-AD5C-B1DB354D6A9F}.Release|x64.Build.0 = Release|Any CPU
		{7AE7B650-2451-4DE0-AD5C-B1DB354D6A9F}.Release|x86.ActiveCfg = Release|Any CPU
		{7AE7B650-2451-4DE0-AD5C-B1DB354D6A9F}.Release|x86.Build.0 = Release|Any CPU
	EndGlobalSection
	GlobalSection(SolutionProperties) = preSolution
		HideSolutionNode = FALSE
	EndGlobalSection
	GlobalSection(NestedProjects) = preSolution
		{41F0E8C9-1F9C-42F8-AB41-94F10B21B023} = {A799B480-CE25-47D7-AD13-3847ACAAA650}
		{6CBC4A77-3297-45D8-B83B-8CC9D8013CD5} = {A799B480-CE25-47D7-AD13-3847ACAAA650}
		{39849D7E-1DBA-45C9-B151-78F14F233482} = {A799B480-CE25-47D7-AD13-3847ACAAA650}
		{00521258-959F-4842-9F8F-06D6B119D5C3} = {A799B480-CE25-47D7-AD13-3847ACAAA650}
		{0B7B875D-2754-424E-8F4A-52DF9573D8C5} = {A799B480-CE25-47D7-AD13-3847ACAAA650}
		{7568D2F1-41AC-46A9-B5D7-A86A4E40BE9F} = {A799B480-CE25-47D7-AD13-3847ACAAA650}
		{38BA5C5F-5345-46A8-AF0B-33A63EAD1B11} = {A799B480-CE25-47D7-AD13-3847ACAAA650}
		{0FFCB6DF-DF1D-4731-8DF4-B109EA27CF69} = {A799B480-CE25-47D7-AD13-3847ACAAA650}
		{FACDF03F-BCA9-400C-8DCE-AB1C67D996E4} = {A799B480-CE25-47D7-AD13-3847ACAAA650}
		{8F720CB0-CDB6-4541-BCFC-1229B4B6D52D} = {A799B480-CE25-47D7-AD13-3847ACAAA650}
		{6A4AD804-FF5D-44ED-9F49-A07D6D80DA38} = {A799B480-CE25-47D7-AD13-3847ACAAA650}
		{49A14AC5-873F-4A79-BF8B-2A58158E5104} = {A799B480-CE25-47D7-AD13-3847ACAAA650}
		{2A1CB88B-FA4B-4F6C-9A53-1085E8EE9210} = {A799B480-CE25-47D7-AD13-3847ACAAA650}
		{44AD3E1E-717A-496E-9C52-5868658113DA} = {A799B480-CE25-47D7-AD13-3847ACAAA650}
		{41A24E66-A42D-4690-933F-87924FD2708C} = {A799B480-CE25-47D7-AD13-3847ACAAA650}
		{C92FD24B-87F1-4D07-B009-B9492306F4DC} = {A799B480-CE25-47D7-AD13-3847ACAAA650}
		{B3818A00-154D-4296-B6D1-E20663D47397} = {A799B480-CE25-47D7-AD13-3847ACAAA650}
		{F8BE380A-A963-405A-8B57-24C2E87E6504} = {A799B480-CE25-47D7-AD13-3847ACAAA650}
		{7AE7B650-2451-4DE0-AD5C-B1DB354D6A9F} = {A799B480-CE25-47D7-AD13-3847ACAAA650}
	EndGlobalSection
	GlobalSection(ExtensibilityGlobals) = postSolution
		SolutionGuid = {CF7B0F64-1C1B-4350-867B-E06CEB778E6F}
	EndGlobalSection
EndGlobal
